// !$*UTF8*$!
{
	archiveVersion = 1;
	classes = {
	};
	objectVersion = 56;
	objects = {

/* Begin PBXBuildFile section */
		290D9A5429877AB200282F0D /* CummunityTableViewCell.swift in Sources */ = {isa = PBXBuildFile; fileRef = 290D9A5329877AB200282F0D /* CummunityTableViewCell.swift */; };
		290D9A9A2987EA2800282F0D /* CountryTableViewCell.swift in Sources */ = {isa = PBXBuildFile; fileRef = 290D9A992987EA2800282F0D /* CountryTableViewCell.swift */; };
		291365122928950C0075CE2B /* post.plist in Resources */ = {isa = PBXBuildFile; fileRef = 291365112928950C0075CE2B /* post.plist */; };
		291365142928B15A0075CE2B /* SignUpViewController.swift in Sources */ = {isa = PBXBuildFile; fileRef = 291365132928B15A0075CE2B /* SignUpViewController.swift */; };
		29152512292A615B0081D3A7 /* ChatViewController.swift in Sources */ = {isa = PBXBuildFile; fileRef = 29152511292A615B0081D3A7 /* ChatViewController.swift */; };
		291A7639290B74CA00FC1E84 /* HomeViewController.swift in Sources */ = {isa = PBXBuildFile; fileRef = 291A7638290B74CA00FC1E84 /* HomeViewController.swift */; };
		292DED2A2929D64600F5502A /* SignUpCheckBox.swift in Sources */ = {isa = PBXBuildFile; fileRef = 292DED292929D64600F5502A /* SignUpCheckBox.swift */; };
		292DED2C2929D7B600F5502A /* MyHeart.swift in Sources */ = {isa = PBXBuildFile; fileRef = 292DED2B2929D7B500F5502A /* MyHeart.swift */; };
		292E21972910C2C10083C988 /* EndTableViewController.swift in Sources */ = {isa = PBXBuildFile; fileRef = 292E21962910C2C10083C988 /* EndTableViewController.swift */; };
		292E21A2291112280083C988 /* NaverLoginViewController.swift in Sources */ = {isa = PBXBuildFile; fileRef = 292E21A1291112280083C988 /* NaverLoginViewController.swift */; };
		293A12FB292A582B0000319F /* CummunityHeart.swift in Sources */ = {isa = PBXBuildFile; fileRef = 293A12FA292A582B0000319F /* CummunityHeart.swift */; };
		2944699729278DD700D10E94 /* QRCodeViewController.swift in Sources */ = {isa = PBXBuildFile; fileRef = 2944699629278DD700D10E94 /* QRCodeViewController.swift */; };
		29480B5B299A5F7400F5E613 /* Localizable.strings in Resources */ = {isa = PBXBuildFile; fileRef = 29480B5D299A5F7400F5E613 /* Localizable.strings */; };
		294B7DA12908C0B100B409C5 /* AppDelegate.swift in Sources */ = {isa = PBXBuildFile; fileRef = 294B7DA02908C0B100B409C5 /* AppDelegate.swift */; };
		294B7DA32908C0B100B409C5 /* SceneDelegate.swift in Sources */ = {isa = PBXBuildFile; fileRef = 294B7DA22908C0B100B409C5 /* SceneDelegate.swift */; };
		294B7DA82908C0B100B409C5 /* Main.storyboard in Resources */ = {isa = PBXBuildFile; fileRef = 294B7DA62908C0B100B409C5 /* Main.storyboard */; };
		294B7DAA2908C0B200B409C5 /* Assets.xcassets in Resources */ = {isa = PBXBuildFile; fileRef = 294B7DA92908C0B200B409C5 /* Assets.xcassets */; };
		294B7DAD2908C0B200B409C5 /* LaunchScreen.storyboard in Resources */ = {isa = PBXBuildFile; fileRef = 294B7DAB2908C0B200B409C5 /* LaunchScreen.storyboard */; };
		294B7DB72908EF0F00B409C5 /* CDetailViewController.swift in Sources */ = {isa = PBXBuildFile; fileRef = 294B7DB62908EF0F00B409C5 /* CDetailViewController.swift */; };
		294B7DB92908EF2200B409C5 /* CWebViewController.swift in Sources */ = {isa = PBXBuildFile; fileRef = 294B7DB82908EF2200B409C5 /* CWebViewController.swift */; };
		294B7DBD290927E800B409C5 /* Data.swift in Sources */ = {isa = PBXBuildFile; fileRef = 294B7DBC290927E800B409C5 /* Data.swift */; };
		294B7DC129094AEA00B409C5 /* AlertViewController.swift in Sources */ = {isa = PBXBuildFile; fileRef = 294B7DC029094AEA00B409C5 /* AlertViewController.swift */; };
		294F4C8B2912388A00A92567 /* LoginViewController.swift in Sources */ = {isa = PBXBuildFile; fileRef = 294F4C8A2912388A00A92567 /* LoginViewController.swift */; };
		294F4C8F291272F500A92567 /* MyPageTableViewController.swift in Sources */ = {isa = PBXBuildFile; fileRef = 294F4C8E291272F500A92567 /* MyPageTableViewController.swift */; };
		29634178290A0D4900EA89F2 /* CXMainTableViewController.swift in Sources */ = {isa = PBXBuildFile; fileRef = 29634177290A0D4900EA89F2 /* CXMainTableViewController.swift */; };
		296341F1290AC7C900EA89F2 /* ProgressViewController.swift in Sources */ = {isa = PBXBuildFile; fileRef = 296341F0290AC7C900EA89F2 /* ProgressViewController.swift */; };
		298B1498290BA72300A02867 /* StartTableViewController.swift in Sources */ = {isa = PBXBuildFile; fileRef = 298B1497290BA72300A02867 /* StartTableViewController.swift */; };
		298B149A290BA78600A02867 /* AirData.swift in Sources */ = {isa = PBXBuildFile; fileRef = 298B1499290BA78600A02867 /* AirData.swift */; };
		29931FA62984E4A00032ABE8 /* TabBarController.swift in Sources */ = {isa = PBXBuildFile; fileRef = 29931FA52984E4A00032ABE8 /* TabBarController.swift */; };
		29931FA82984FDD90032ABE8 /* PopularityViewController.swift in Sources */ = {isa = PBXBuildFile; fileRef = 29931FA72984FDD90032ABE8 /* PopularityViewController.swift */; };
		29CD5EBB291297DB0045C871 /* CummunityTableViewController.swift in Sources */ = {isa = PBXBuildFile; fileRef = 29CD5EBA291297DB0045C871 /* CummunityTableViewController.swift */; };
		29CD5EBD2912A2010045C871 /* AddViewController.swift in Sources */ = {isa = PBXBuildFile; fileRef = 29CD5EBC2912A2010045C871 /* AddViewController.swift */; };
		29CD5EBF2912B4C50045C871 /* Utils.swift in Sources */ = {isa = PBXBuildFile; fileRef = 29CD5EBE2912B4C50045C871 /* Utils.swift */; };
		29D2C7CF2927C3A6002718CF /* CalendarViewController.swift in Sources */ = {isa = PBXBuildFile; fileRef = 29D2C7CE2927C3A6002718CF /* CalendarViewController.swift */; };
		29D2C7D12927D530002718CF /* NaverWebViewController.swift in Sources */ = {isa = PBXBuildFile; fileRef = 29D2C7D02927D530002718CF /* NaverWebViewController.swift */; };
		29D3B8412998987500BD39F0 /* CommentViewController.swift in Sources */ = {isa = PBXBuildFile; fileRef = 29D3B8402998987500BD39F0 /* CommentViewController.swift */; };
/* End PBXBuildFile section */

/* Begin PBXFileReference section */
		290D9A5329877AB200282F0D /* CummunityTableViewCell.swift */ = {isa = PBXFileReference; lastKnownFileType = sourcecode.swift; path = CummunityTableViewCell.swift; sourceTree = "<group>"; };
		290D9A992987EA2800282F0D /* CountryTableViewCell.swift */ = {isa = PBXFileReference; lastKnownFileType = sourcecode.swift; path = CountryTableViewCell.swift; sourceTree = "<group>"; };
		291365112928950C0075CE2B /* post.plist */ = {isa = PBXFileReference; lastKnownFileType = text.plist.xml; path = post.plist; sourceTree = "<group>"; };
		291365132928B15A0075CE2B /* SignUpViewController.swift */ = {isa = PBXFileReference; lastKnownFileType = sourcecode.swift; path = SignUpViewController.swift; sourceTree = "<group>"; };
		29152511292A615B0081D3A7 /* ChatViewController.swift */ = {isa = PBXFileReference; lastKnownFileType = sourcecode.swift; path = ChatViewController.swift; sourceTree = "<group>"; };
		291A7638290B74CA00FC1E84 /* HomeViewController.swift */ = {isa = PBXFileReference; lastKnownFileType = sourcecode.swift; path = HomeViewController.swift; sourceTree = "<group>"; };
		292DED292929D64600F5502A /* SignUpCheckBox.swift */ = {isa = PBXFileReference; lastKnownFileType = sourcecode.swift; path = SignUpCheckBox.swift; sourceTree = "<group>"; };
		292DED2B2929D7B500F5502A /* MyHeart.swift */ = {isa = PBXFileReference; lastKnownFileType = sourcecode.swift; path = MyHeart.swift; sourceTree = "<group>"; };
		292E21962910C2C10083C988 /* EndTableViewController.swift */ = {isa = PBXFileReference; lastKnownFileType = sourcecode.swift; path = EndTableViewController.swift; sourceTree = "<group>"; };
		292E21A1291112280083C988 /* NaverLoginViewController.swift */ = {isa = PBXFileReference; lastKnownFileType = sourcecode.swift; path = NaverLoginViewController.swift; sourceTree = "<group>"; };
		293A12FA292A582B0000319F /* CummunityHeart.swift */ = {isa = PBXFileReference; lastKnownFileType = sourcecode.swift; path = CummunityHeart.swift; sourceTree = "<group>"; };
		2944699629278DD700D10E94 /* QRCodeViewController.swift */ = {isa = PBXFileReference; lastKnownFileType = sourcecode.swift; path = QRCodeViewController.swift; sourceTree = "<group>"; };
		29480B5C299A5F7400F5E613 /* en */ = {isa = PBXFileReference; lastKnownFileType = text.plist.strings; name = en; path = en.lproj/Localizable.strings; sourceTree = "<group>"; };
		29480B5E299A5FB800F5E613 /* ko */ = {isa = PBXFileReference; lastKnownFileType = text.plist.strings; name = ko; path = ko.lproj/Localizable.strings; sourceTree = "<group>"; };
		29480B5F299A6BB000F5E613 /* ja */ = {isa = PBXFileReference; lastKnownFileType = text.plist.strings; name = ja; path = ja.lproj/Localizable.strings; sourceTree = "<group>"; };
		294B7D9D2908C0B100B409C5 /* Countries_miniPJ.app */ = {isa = PBXFileReference; explicitFileType = wrapper.application; includeInIndex = 0; path = Countries_miniPJ.app; sourceTree = BUILT_PRODUCTS_DIR; };
		294B7DA02908C0B100B409C5 /* AppDelegate.swift */ = {isa = PBXFileReference; lastKnownFileType = sourcecode.swift; path = AppDelegate.swift; sourceTree = "<group>"; };
		294B7DA22908C0B100B409C5 /* SceneDelegate.swift */ = {isa = PBXFileReference; lastKnownFileType = sourcecode.swift; path = SceneDelegate.swift; sourceTree = "<group>"; };
		294B7DA72908C0B100B409C5 /* Base */ = {isa = PBXFileReference; lastKnownFileType = file.storyboard; name = Base; path = Base.lproj/Main.storyboard; sourceTree = "<group>"; };
		294B7DA92908C0B200B409C5 /* Assets.xcassets */ = {isa = PBXFileReference; lastKnownFileType = folder.assetcatalog; path = Assets.xcassets; sourceTree = "<group>"; };
		294B7DAC2908C0B200B409C5 /* Base */ = {isa = PBXFileReference; lastKnownFileType = file.storyboard; name = Base; path = Base.lproj/LaunchScreen.storyboard; sourceTree = "<group>"; };
		294B7DAE2908C0B200B409C5 /* Info.plist */ = {isa = PBXFileReference; lastKnownFileType = text.plist.xml; path = Info.plist; sourceTree = "<group>"; };
		294B7DB62908EF0F00B409C5 /* CDetailViewController.swift */ = {isa = PBXFileReference; lastKnownFileType = sourcecode.swift; path = CDetailViewController.swift; sourceTree = "<group>"; };
		294B7DB82908EF2200B409C5 /* CWebViewController.swift */ = {isa = PBXFileReference; lastKnownFileType = sourcecode.swift; path = CWebViewController.swift; sourceTree = "<group>"; };
		294B7DBC290927E800B409C5 /* Data.swift */ = {isa = PBXFileReference; lastKnownFileType = sourcecode.swift; path = Data.swift; sourceTree = "<group>"; };
		294B7DC029094AEA00B409C5 /* AlertViewController.swift */ = {isa = PBXFileReference; lastKnownFileType = sourcecode.swift; path = AlertViewController.swift; sourceTree = "<group>"; };
		294F4C8A2912388A00A92567 /* LoginViewController.swift */ = {isa = PBXFileReference; lastKnownFileType = sourcecode.swift; path = LoginViewController.swift; sourceTree = "<group>"; };
		294F4C8E291272F500A92567 /* MyPageTableViewController.swift */ = {isa = PBXFileReference; lastKnownFileType = sourcecode.swift; path = MyPageTableViewController.swift; sourceTree = "<group>"; };
		29634177290A0D4900EA89F2 /* CXMainTableViewController.swift */ = {isa = PBXFileReference; lastKnownFileType = sourcecode.swift; path = CXMainTableViewController.swift; sourceTree = "<group>"; };
		296341F0290AC7C900EA89F2 /* ProgressViewController.swift */ = {isa = PBXFileReference; lastKnownFileType = sourcecode.swift; path = ProgressViewController.swift; sourceTree = "<group>"; };
		298B1497290BA72300A02867 /* StartTableViewController.swift */ = {isa = PBXFileReference; lastKnownFileType = sourcecode.swift; path = StartTableViewController.swift; sourceTree = "<group>"; };
		298B1499290BA78600A02867 /* AirData.swift */ = {isa = PBXFileReference; lastKnownFileType = sourcecode.swift; path = AirData.swift; sourceTree = "<group>"; };
		29931FA52984E4A00032ABE8 /* TabBarController.swift */ = {isa = PBXFileReference; lastKnownFileType = sourcecode.swift; path = TabBarController.swift; sourceTree = "<group>"; };
		29931FA72984FDD90032ABE8 /* PopularityViewController.swift */ = {isa = PBXFileReference; lastKnownFileType = sourcecode.swift; path = PopularityViewController.swift; sourceTree = "<group>"; };
		29CD5EBA291297DB0045C871 /* CummunityTableViewController.swift */ = {isa = PBXFileReference; lastKnownFileType = sourcecode.swift; lineEnding = 0; path = CummunityTableViewController.swift; sourceTree = "<group>"; };
		29CD5EBC2912A2010045C871 /* AddViewController.swift */ = {isa = PBXFileReference; lastKnownFileType = sourcecode.swift; path = AddViewController.swift; sourceTree = "<group>"; };
		29CD5EBE2912B4C50045C871 /* Utils.swift */ = {isa = PBXFileReference; lastKnownFileType = sourcecode.swift; path = Utils.swift; sourceTree = "<group>"; };
		29D2C7CE2927C3A6002718CF /* CalendarViewController.swift */ = {isa = PBXFileReference; lastKnownFileType = sourcecode.swift; path = CalendarViewController.swift; sourceTree = "<group>"; };
		29D2C7D02927D530002718CF /* NaverWebViewController.swift */ = {isa = PBXFileReference; lastKnownFileType = sourcecode.swift; path = NaverWebViewController.swift; sourceTree = "<group>"; };
		29D3B8402998987500BD39F0 /* CommentViewController.swift */ = {isa = PBXFileReference; lastKnownFileType = sourcecode.swift; path = CommentViewController.swift; sourceTree = "<group>"; };
/* End PBXFileReference section */

/* Begin PBXFrameworksBuildPhase section */
		294B7D9A2908C0B100B409C5 /* Frameworks */ = {
			isa = PBXFrameworksBuildPhase;
			buildActionMask = 2147483647;
			files = (
			);
			runOnlyForDeploymentPostprocessing = 0;
		};
/* End PBXFrameworksBuildPhase section */

/* Begin PBXGroup section */
		292E219D29110D930083C988 /* Basic */ = {
			isa = PBXGroup;
			children = (
				294B7DA02908C0B100B409C5 /* AppDelegate.swift */,
				294B7DA22908C0B100B409C5 /* SceneDelegate.swift */,
				294B7DA62908C0B100B409C5 /* Main.storyboard */,
				294B7DAB2908C0B200B409C5 /* LaunchScreen.storyboard */,
				294B7DA92908C0B200B409C5 /* Assets.xcassets */,
				294B7DAE2908C0B200B409C5 /* Info.plist */,
			);
			name = Basic;
			sourceTree = "<group>";
		};
		292E219E29110DB40083C988 /* MyPage */ = {
			isa = PBXGroup;
			children = (
				294F4C8E291272F500A92567 /* MyPageTableViewController.swift */,
				294F4C8A2912388A00A92567 /* LoginViewController.swift */,
				291365132928B15A0075CE2B /* SignUpViewController.swift */,
				292DED292929D64600F5502A /* SignUpCheckBox.swift */,
				292E21A1291112280083C988 /* NaverLoginViewController.swift */,
				2944699629278DD700D10E94 /* QRCodeViewController.swift */,
				29CD5EBA291297DB0045C871 /* CummunityTableViewController.swift */,
				290D9A5329877AB200282F0D /* CummunityTableViewCell.swift */,
				293A12FA292A582B0000319F /* CummunityHeart.swift */,
				29D3B8402998987500BD39F0 /* CommentViewController.swift */,
				29CD5EBC2912A2010045C871 /* AddViewController.swift */,
				29152511292A615B0081D3A7 /* ChatViewController.swift */,
				29CD5EBE2912B4C50045C871 /* Utils.swift */,
				291365112928950C0075CE2B /* post.plist */,
			);
			path = MyPage;
			sourceTree = "<group>";
		};
		294B7D942908C0B100B409C5 = {
			isa = PBXGroup;
			children = (
				294B7D9F2908C0B100B409C5 /* Countries_miniPJ */,
				294B7D9E2908C0B100B409C5 /* Products */,
			);
			sourceTree = "<group>";
		};
		294B7D9E2908C0B100B409C5 /* Products */ = {
			isa = PBXGroup;
			children = (
				294B7D9D2908C0B100B409C5 /* Countries_miniPJ.app */,
			);
			name = Products;
			sourceTree = "<group>";
		};
		294B7D9F2908C0B100B409C5 /* Countries_miniPJ */ = {
			isa = PBXGroup;
			children = (
				292E219D29110D930083C988 /* Basic */,
				29634179290A0D5500EA89F2 /* Country */,
				2963417A290A0D7700EA89F2 /* Home */,
				292E219E29110DB40083C988 /* MyPage */,
			);
			path = Countries_miniPJ;
			sourceTree = "<group>";
		};
		29634179290A0D5500EA89F2 /* Country */ = {
			isa = PBXGroup;
			children = (
				29634177290A0D4900EA89F2 /* CXMainTableViewController.swift */,
				290D9A992987EA2800282F0D /* CountryTableViewCell.swift */,
				292DED2B2929D7B500F5502A /* MyHeart.swift */,
				294B7DB62908EF0F00B409C5 /* CDetailViewController.swift */,
				294B7DB82908EF2200B409C5 /* CWebViewController.swift */,
				294B7DBC290927E800B409C5 /* Data.swift */,
				29480B5D299A5F7400F5E613 /* Localizable.strings */,
			);
			name = Country;
			sourceTree = "<group>";
		};
		2963417A290A0D7700EA89F2 /* Home */ = {
			isa = PBXGroup;
			children = (
				291A7638290B74CA00FC1E84 /* HomeViewController.swift */,
				29D2C7D02927D530002718CF /* NaverWebViewController.swift */,
				298B1497290BA72300A02867 /* StartTableViewController.swift */,
				292E21962910C2C10083C988 /* EndTableViewController.swift */,
				294B7DC029094AEA00B409C5 /* AlertViewController.swift */,
				29D2C7CE2927C3A6002718CF /* CalendarViewController.swift */,
				296341F0290AC7C900EA89F2 /* ProgressViewController.swift */,
				29931FA52984E4A00032ABE8 /* TabBarController.swift */,
				29931FA72984FDD90032ABE8 /* PopularityViewController.swift */,
				298B1499290BA78600A02867 /* AirData.swift */,
			);
			path = Home;
			sourceTree = "<group>";
		};
/* End PBXGroup section */

/* Begin PBXNativeTarget section */
		294B7D9C2908C0B100B409C5 /* Countries_miniPJ */ = {
			isa = PBXNativeTarget;
			buildConfigurationList = 294B7DB12908C0B200B409C5 /* Build configuration list for PBXNativeTarget "Countries_miniPJ" */;
			buildPhases = (
				294B7D992908C0B100B409C5 /* Sources */,
				294B7D9A2908C0B100B409C5 /* Frameworks */,
				294B7D9B2908C0B100B409C5 /* Resources */,
			);
			buildRules = (
			);
			dependencies = (
			);
			name = Countries_miniPJ;
			packageProductDependencies = (
			);
			productName = Countries_miniPJ;
			productReference = 294B7D9D2908C0B100B409C5 /* Countries_miniPJ.app */;
			productType = "com.apple.product-type.application";
		};
/* End PBXNativeTarget section */

/* Begin PBXProject section */
		294B7D952908C0B100B409C5 /* Project object */ = {
			isa = PBXProject;
			attributes = {
				BuildIndependentTargetsInParallel = 1;
				LastSwiftUpdateCheck = 1400;
				LastUpgradeCheck = 1400;
				TargetAttributes = {
					294B7D9C2908C0B100B409C5 = {
						CreatedOnToolsVersion = 14.0;
					};
				};
			};
			buildConfigurationList = 294B7D982908C0B100B409C5 /* Build configuration list for PBXProject "Countries_miniPJ" */;
			compatibilityVersion = "Xcode 14.0";
			developmentRegion = en;
			hasScannedForEncodings = 0;
			knownRegions = (
				en,
				Base,
				ko,
				ja,
			);
			mainGroup = 294B7D942908C0B100B409C5;
			packageReferences = (
			);
			productRefGroup = 294B7D9E2908C0B100B409C5 /* Products */;
			projectDirPath = "";
			projectRoot = "";
			targets = (
				294B7D9C2908C0B100B409C5 /* Countries_miniPJ */,
			);
		};
/* End PBXProject section */

/* Begin PBXResourcesBuildPhase section */
		294B7D9B2908C0B100B409C5 /* Resources */ = {
			isa = PBXResourcesBuildPhase;
			buildActionMask = 2147483647;
			files = (
				29480B5B299A5F7400F5E613 /* Localizable.strings in Resources */,
				294B7DAD2908C0B200B409C5 /* LaunchScreen.storyboard in Resources */,
				294B7DAA2908C0B200B409C5 /* Assets.xcassets in Resources */,
				291365122928950C0075CE2B /* post.plist in Resources */,
				294B7DA82908C0B100B409C5 /* Main.storyboard in Resources */,
			);
			runOnlyForDeploymentPostprocessing = 0;
		};
/* End PBXResourcesBuildPhase section */

/* Begin PBXSourcesBuildPhase section */
		294B7D992908C0B100B409C5 /* Sources */ = {
			isa = PBXSourcesBuildPhase;
			buildActionMask = 2147483647;
			files = (
				2944699729278DD700D10E94 /* QRCodeViewController.swift in Sources */,
				294B7DBD290927E800B409C5 /* Data.swift in Sources */,
				29CD5EBB291297DB0045C871 /* CummunityTableViewController.swift in Sources */,
				29CD5EBD2912A2010045C871 /* AddViewController.swift in Sources */,
				294B7DA12908C0B100B409C5 /* AppDelegate.swift in Sources */,
				298B149A290BA78600A02867 /* AirData.swift in Sources */,
				291365142928B15A0075CE2B /* SignUpViewController.swift in Sources */,
				292E21A2291112280083C988 /* NaverLoginViewController.swift in Sources */,
				294B7DC129094AEA00B409C5 /* AlertViewController.swift in Sources */,
				296341F1290AC7C900EA89F2 /* ProgressViewController.swift in Sources */,
				294B7DA32908C0B100B409C5 /* SceneDelegate.swift in Sources */,
				291A7639290B74CA00FC1E84 /* HomeViewController.swift in Sources */,
				292DED2A2929D64600F5502A /* SignUpCheckBox.swift in Sources */,
				294F4C8F291272F500A92567 /* MyPageTableViewController.swift in Sources */,
				298B1498290BA72300A02867 /* StartTableViewController.swift in Sources */,
				29CD5EBF2912B4C50045C871 /* Utils.swift in Sources */,
				293A12FB292A582B0000319F /* CummunityHeart.swift in Sources */,
				29931FA82984FDD90032ABE8 /* PopularityViewController.swift in Sources */,
				29D2C7D12927D530002718CF /* NaverWebViewController.swift in Sources */,
				29D2C7CF2927C3A6002718CF /* CalendarViewController.swift in Sources */,
				294B7DB72908EF0F00B409C5 /* CDetailViewController.swift in Sources */,
				294B7DB92908EF2200B409C5 /* CWebViewController.swift in Sources */,
				29D3B8412998987500BD39F0 /* CommentViewController.swift in Sources */,
				294F4C8B2912388A00A92567 /* LoginViewController.swift in Sources */,
				29152512292A615B0081D3A7 /* ChatViewController.swift in Sources */,
				290D9A9A2987EA2800282F0D /* CountryTableViewCell.swift in Sources */,
				292E21972910C2C10083C988 /* EndTableViewController.swift in Sources */,
				290D9A5429877AB200282F0D /* CummunityTableViewCell.swift in Sources */,
				29931FA62984E4A00032ABE8 /* TabBarController.swift in Sources */,
				292DED2C2929D7B600F5502A /* MyHeart.swift in Sources */,
				29634178290A0D4900EA89F2 /* CXMainTableViewController.swift in Sources */,
			);
			runOnlyForDeploymentPostprocessing = 0;
		};
/* End PBXSourcesBuildPhase section */

/* Begin PBXVariantGroup section */
		29480B5D299A5F7400F5E613 /* Localizable.strings */ = {
			isa = PBXVariantGroup;
			children = (
				29480B5C299A5F7400F5E613 /* en */,
				29480B5E299A5FB800F5E613 /* ko */,
				29480B5F299A6BB000F5E613 /* ja */,
			);
			name = Localizable.strings;
			sourceTree = "<group>";
		};
		294B7DA62908C0B100B409C5 /* Main.storyboard */ = {
			isa = PBXVariantGroup;
			children = (
				294B7DA72908C0B100B409C5 /* Base */,
			);
			name = Main.storyboard;
			sourceTree = "<group>";
		};
		294B7DAB2908C0B200B409C5 /* LaunchScreen.storyboard */ = {
			isa = PBXVariantGroup;
			children = (
				294B7DAC2908C0B200B409C5 /* Base */,
			);
			name = LaunchScreen.storyboard;
			sourceTree = "<group>";
		};
/* End PBXVariantGroup section */

/* Begin XCBuildConfiguration section */
		294B7DAF2908C0B200B409C5 /* Debug */ = {
			isa = XCBuildConfiguration;
			buildSettings = {
				ALWAYS_SEARCH_USER_PATHS = NO;
				CLANG_ANALYZER_LOCALIZABILITY_NONLOCALIZED = YES;
				CLANG_ANALYZER_NONNULL = YES;
				CLANG_ANALYZER_NUMBER_OBJECT_CONVERSION = YES_AGGRESSIVE;
				CLANG_CXX_LANGUAGE_STANDARD = "gnu++20";
				CLANG_ENABLE_MODULES = YES;
				CLANG_ENABLE_OBJC_ARC = YES;
				CLANG_ENABLE_OBJC_WEAK = YES;
				CLANG_WARN_BLOCK_CAPTURE_AUTORELEASING = YES;
				CLANG_WARN_BOOL_CONVERSION = YES;
				CLANG_WARN_COMMA = YES;
				CLANG_WARN_CONSTANT_CONVERSION = YES;
				CLANG_WARN_DEPRECATED_OBJC_IMPLEMENTATIONS = YES;
				CLANG_WARN_DIRECT_OBJC_ISA_USAGE = YES_ERROR;
				CLANG_WARN_DOCUMENTATION_COMMENTS = YES;
				CLANG_WARN_EMPTY_BODY = YES;
				CLANG_WARN_ENUM_CONVERSION = YES;
				CLANG_WARN_INFINITE_RECURSION = YES;
				CLANG_WARN_INT_CONVERSION = YES;
				CLANG_WARN_NON_LITERAL_NULL_CONVERSION = YES;
				CLANG_WARN_OBJC_IMPLICIT_RETAIN_SELF = YES;
				CLANG_WARN_OBJC_LITERAL_CONVERSION = YES;
				CLANG_WARN_OBJC_ROOT_CLASS = YES_ERROR;
				CLANG_WARN_QUOTED_INCLUDE_IN_FRAMEWORK_HEADER = YES;
				CLANG_WARN_RANGE_LOOP_ANALYSIS = YES;
				CLANG_WARN_STRICT_PROTOTYPES = YES;
				CLANG_WARN_SUSPICIOUS_MOVE = YES;
				CLANG_WARN_UNGUARDED_AVAILABILITY = YES_AGGRESSIVE;
				CLANG_WARN_UNREACHABLE_CODE = YES;
				CLANG_WARN__DUPLICATE_METHOD_MATCH = YES;
				COPY_PHASE_STRIP = NO;
				DEBUG_INFORMATION_FORMAT = dwarf;
				ENABLE_STRICT_OBJC_MSGSEND = YES;
				ENABLE_TESTABILITY = YES;
				GCC_C_LANGUAGE_STANDARD = gnu11;
				GCC_DYNAMIC_NO_PIC = NO;
				GCC_NO_COMMON_BLOCKS = YES;
				GCC_OPTIMIZATION_LEVEL = 0;
				GCC_PREPROCESSOR_DEFINITIONS = (
					"DEBUG=1",
					"$(inherited)",
				);
				GCC_WARN_64_TO_32_BIT_CONVERSION = YES;
				GCC_WARN_ABOUT_RETURN_TYPE = YES_ERROR;
				GCC_WARN_UNDECLARED_SELECTOR = YES;
				GCC_WARN_UNINITIALIZED_AUTOS = YES_AGGRESSIVE;
				GCC_WARN_UNUSED_FUNCTION = YES;
				GCC_WARN_UNUSED_VARIABLE = YES;
				IPHONEOS_DEPLOYMENT_TARGET = 16.0;
				MTL_ENABLE_DEBUG_INFO = INCLUDE_SOURCE;
				MTL_FAST_MATH = YES;
				ONLY_ACTIVE_ARCH = YES;
				SDKROOT = iphoneos;
				SWIFT_ACTIVE_COMPILATION_CONDITIONS = DEBUG;
				SWIFT_OPTIMIZATION_LEVEL = "-Onone";
			};
			name = Debug;
		};
		294B7DB02908C0B200B409C5 /* Release */ = {
			isa = XCBuildConfiguration;
			buildSettings = {
				ALWAYS_SEARCH_USER_PATHS = NO;
				CLANG_ANALYZER_LOCALIZABILITY_NONLOCALIZED = YES;
				CLANG_ANALYZER_NONNULL = YES;
				CLANG_ANALYZER_NUMBER_OBJECT_CONVERSION = YES_AGGRESSIVE;
				CLANG_CXX_LANGUAGE_STANDARD = "gnu++20";
				CLANG_ENABLE_MODULES = YES;
				CLANG_ENABLE_OBJC_ARC = YES;
				CLANG_ENABLE_OBJC_WEAK = YES;
				CLANG_WARN_BLOCK_CAPTURE_AUTORELEASING = YES;
				CLANG_WARN_BOOL_CONVERSION = YES;
				CLANG_WARN_COMMA = YES;
				CLANG_WARN_CONSTANT_CONVERSION = YES;
				CLANG_WARN_DEPRECATED_OBJC_IMPLEMENTATIONS = YES;
				CLANG_WARN_DIRECT_OBJC_ISA_USAGE = YES_ERROR;
				CLANG_WARN_DOCUMENTATION_COMMENTS = YES;
				CLANG_WARN_EMPTY_BODY = YES;
				CLANG_WARN_ENUM_CONVERSION = YES;
				CLANG_WARN_INFINITE_RECURSION = YES;
				CLANG_WARN_INT_CONVERSION = YES;
				CLANG_WARN_NON_LITERAL_NULL_CONVERSION = YES;
				CLANG_WARN_OBJC_IMPLICIT_RETAIN_SELF = YES;
				CLANG_WARN_OBJC_LITERAL_CONVERSION = YES;
				CLANG_WARN_OBJC_ROOT_CLASS = YES_ERROR;
				CLANG_WARN_QUOTED_INCLUDE_IN_FRAMEWORK_HEADER = YES;
				CLANG_WARN_RANGE_LOOP_ANALYSIS = YES;
				CLANG_WARN_STRICT_PROTOTYPES = YES;
				CLANG_WARN_SUSPICIOUS_MOVE = YES;
				CLANG_WARN_UNGUARDED_AVAILABILITY = YES_AGGRESSIVE;
				CLANG_WARN_UNREACHABLE_CODE = YES;
				CLANG_WARN__DUPLICATE_METHOD_MATCH = YES;
				COPY_PHASE_STRIP = NO;
				DEBUG_INFORMATION_FORMAT = "dwarf-with-dsym";
				ENABLE_NS_ASSERTIONS = NO;
				ENABLE_STRICT_OBJC_MSGSEND = YES;
				GCC_C_LANGUAGE_STANDARD = gnu11;
				GCC_NO_COMMON_BLOCKS = YES;
				GCC_WARN_64_TO_32_BIT_CONVERSION = YES;
				GCC_WARN_ABOUT_RETURN_TYPE = YES_ERROR;
				GCC_WARN_UNDECLARED_SELECTOR = YES;
				GCC_WARN_UNINITIALIZED_AUTOS = YES_AGGRESSIVE;
				GCC_WARN_UNUSED_FUNCTION = YES;
				GCC_WARN_UNUSED_VARIABLE = YES;
				IPHONEOS_DEPLOYMENT_TARGET = 16.0;
				MTL_ENABLE_DEBUG_INFO = NO;
				MTL_FAST_MATH = YES;
				SDKROOT = iphoneos;
				SWIFT_COMPILATION_MODE = wholemodule;
				SWIFT_OPTIMIZATION_LEVEL = "-O";
				VALIDATE_PRODUCT = YES;
			};
			name = Release;
		};
		294B7DB22908C0B200B409C5 /* Debug */ = {
			isa = XCBuildConfiguration;
			buildSettings = {
				ASSETCATALOG_COMPILER_APPICON_NAME = AppIcon;
				ASSETCATALOG_COMPILER_GLOBAL_ACCENT_COLOR_NAME = AccentColor;
				CODE_SIGN_STYLE = Automatic;
				CURRENT_PROJECT_VERSION = 1;
				DEVELOPMENT_TEAM = DX499AT2X5;
				GENERATE_INFOPLIST_FILE = YES;
				INFOPLIST_FILE = Countries_miniPJ/Info.plist;
				INFOPLIST_KEY_CFBundleDisplayName = "여행";
				INFOPLIST_KEY_NSCameraUsageDescription = "";
				INFOPLIST_KEY_NSLocationAlwaysAndWhenInUseUsageDescription = "사용자의 위치를 받아오려고 합니다.";
				INFOPLIST_KEY_NSLocationWhenInUseUsageDescription = "사용자의 위치정보를 받아오려고 합니다.";
				INFOPLIST_KEY_NSPhotoLibraryUsageDescription = "";
				INFOPLIST_KEY_UIApplicationSupportsIndirectInputEvents = YES;
				INFOPLIST_KEY_UILaunchStoryboardName = LaunchScreen.storyboard;
				INFOPLIST_KEY_UIMainStoryboardFile = Main;
				INFOPLIST_KEY_UISupportedInterfaceOrientations = UIInterfaceOrientationPortrait;
				IPHONEOS_DEPLOYMENT_TARGET = 16.0;
				LD_RUNPATH_SEARCH_PATHS = (
					"$(inherited)",
					"@executable_path/Frameworks",
				);
				MARKETING_VERSION = 1.0;
				PRODUCT_BUNDLE_IDENTIFIER = "womansup2022.lsy.Countries-miniProJ";
				PRODUCT_NAME = "$(TARGET_NAME)";
				SWIFT_EMIT_LOC_STRINGS = YES;
				SWIFT_VERSION = 5.0;
				TARGETED_DEVICE_FAMILY = "1,2";
			};
			name = Debug;
		};
		294B7DB32908C0B200B409C5 /* Release */ = {
			isa = XCBuildConfiguration;
			buildSettings = {
				ASSETCATALOG_COMPILER_APPICON_NAME = AppIcon;
				ASSETCATALOG_COMPILER_GLOBAL_ACCENT_COLOR_NAME = AccentColor;
				CODE_SIGN_STYLE = Automatic;
				CURRENT_PROJECT_VERSION = 1;
				DEVELOPMENT_TEAM = DX499AT2X5;
				GENERATE_INFOPLIST_FILE = YES;
				INFOPLIST_FILE = Countries_miniPJ/Info.plist;
				INFOPLIST_KEY_CFBundleDisplayName = "여행";
				INFOPLIST_KEY_NSCameraUsageDescription = "";
				INFOPLIST_KEY_NSLocationAlwaysAndWhenInUseUsageDescription = "사용자의 위치를 받아오려고 합니다.";
				INFOPLIST_KEY_NSLocationWhenInUseUsageDescription = "사용자의 위치정보를 받아오려고 합니다.";
				INFOPLIST_KEY_NSPhotoLibraryUsageDescription = "";
				INFOPLIST_KEY_UIApplicationSupportsIndirectInputEvents = YES;
				INFOPLIST_KEY_UILaunchStoryboardName = LaunchScreen.storyboard;
				INFOPLIST_KEY_UIMainStoryboardFile = Main;
				INFOPLIST_KEY_UISupportedInterfaceOrientations = UIInterfaceOrientationPortrait;
				IPHONEOS_DEPLOYMENT_TARGET = 16.0;
				LD_RUNPATH_SEARCH_PATHS = (
					"$(inherited)",
					"@executable_path/Frameworks",
				);
				MARKETING_VERSION = 1.0;
				PRODUCT_BUNDLE_IDENTIFIER = "womansup2022.lsy.Countries-miniProJ";
				PRODUCT_NAME = "$(TARGET_NAME)";
				SWIFT_EMIT_LOC_STRINGS = YES;
				SWIFT_VERSION = 5.0;
				TARGETED_DEVICE_FAMILY = "1,2";
			};
			name = Release;
		};
/* End XCBuildConfiguration section */

/* Begin XCConfigurationList section */
		294B7D982908C0B100B409C5 /* Build configuration list for PBXProject "Countries_miniPJ" */ = {
			isa = XCConfigurationList;
			buildConfigurations = (
				294B7DAF2908C0B200B409C5 /* Debug */,
				294B7DB02908C0B200B409C5 /* Release */,
			);
			defaultConfigurationIsVisible = 0;
			defaultConfigurationName = Release;
		};
		294B7DB12908C0B200B409C5 /* Build configuration list for PBXNativeTarget "Countries_miniPJ" */ = {
			isa = XCConfigurationList;
			buildConfigurations = (
				294B7DB22908C0B200B409C5 /* Debug */,
				294B7DB32908C0B200B409C5 /* Release */,
			);
			defaultConfigurationIsVisible = 0;
			defaultConfigurationName = Release;
		};
/* End XCConfigurationList section */
	};
	rootObject = 294B7D952908C0B100B409C5 /* Project object */;
}
